
Microsoft Visual Studio Solution File, Format Version 12.00
# Visual Studio Version 17
VisualStudioVersion = 17.12.35323.107
MinimumVisualStudioVersion = 10.0.40219.1
Project("{FAE04EC0-301F-11D3-BF4B-00C04F79EFBC}") = "GantChartDemo.App", "GantChartDemo.App\GantChartDemo.App.csproj", "{C605C0F5-8734-485D-B7BA-8FE685FB0029}"
EndProject
Global
	GlobalSection(SolutionConfigurationPlatforms) = preSolution
		Debug|Any CPU = Debug|Any CPU
		Release|Any CPU = Release|Any CPU
	EndGlobalSection
	GlobalSection(ProjectConfigurationPlatforms) = postSolution
		{C605C0F5-8734-485D-B7BA-8FE685FB0029}.Debug|Any CPU.ActiveCfg = Debug|Any CPU
		{C605C0F5-8734-485D-B7BA-8FE685FB0029}.Debug|Any CPU.Build.0 = Debug|Any CPU
		{C605C0F5-8734-485D-B7BA-8FE685FB0029}.Release|Any CPU.ActiveCfg = Release|Any CPU
		{C605C0F5-8734-485D-B7BA-8FE685FB0029}.Release|Any CPU.Build.0 = Release|Any CPU
	EndGlobalSection
	GlobalSection(SolutionProperties) = preSolution
		HideSolutionNode = FALSE
	EndGlobalSection
	GlobalSection(ExtensibilityGlobals) = postSolution
		SolutionGuid = {66D87E9B-D51D-43F5-86A9-63B5A4614E97}
	EndGlobalSection
EndGlobal
